
Microsoft Visual Studio Solution File, Format Version 12.00
# Visual Studio 15
VisualStudioVersion = 15.0.28010.2036
MinimumVisualStudioVersion = 10.0.40219.1
Project("{FAE04EC0-301F-11D3-BF4B-00C04F79EFBC}") = "01-Day-Of-Week", "01-Day-Of-Week\01-Day-Of-Week.csproj", "{77942351-F20C-44CB-86D2-09CDB5096A64}"
EndProject
Project("{FAE04EC0-301F-11D3-BF4B-00C04F79EFBC}") = "02-Print-Numbers-In-Reverse-Order", "02-Print-Numbers-In-Reverse-Order\02-Print-Numbers-In-Reverse-Order.csproj", "{42FB82E8-E0B3-4069-8CB0-8ED1E0BC36B0}"
EndProject
Project("{FAE04EC0-301F-11D3-BF4B-00C04F79EFBC}") = "03-Rounding-Numbers", "03-Rounding-Numbers\03-Rounding-Numbers.csproj", "{3D1B8479-1A4E-4A0D-95F5-8F557E663B78}"
EndProject
Project("{FAE04EC0-301F-11D3-BF4B-00C04F79EFBC}") = "04-Reverse-Array-Of-Strings", "04-Reverse-Array-Of-Strings\04-Reverse-Array-Of-Strings.csproj", "{2562536C-CBE1-4944-AFFE-EE680494FAEC}"
EndProject
Project("{FAE04EC0-301F-11D3-BF4B-00C04F79EFBC}") = "05-Sum-Even-numbers", "05-Sum-Even-numbers\05-Sum-Even-numbers.csproj", "{3487EBC4-9D1D-40CD-B583-46D687255B39}"
EndProject
Project("{FAE04EC0-301F-11D3-BF4B-00C04F79EFBC}") = "06-Even-And-Odd-Substraction", "06-Even-And-Odd-Substraction\06-Even-And-Odd-Substraction.csproj", "{DCB6B7AA-CA4D-4D1C-B65A-477CFA60A13C}"
EndProject
Project("{FAE04EC0-301F-11D3-BF4B-00C04F79EFBC}") = "07-Equal-Arrays", "07-Equal-Arrays\07-Equal-Arrays.csproj", "{C020972F-7866-47F0-B4FB-E57CCC3708F6}"
EndProject
Project("{FAE04EC0-301F-11D3-BF4B-00C04F79EFBC}") = "08-Condense-Array-To-Number", "08-Condense-Array-To-Number\08-Condense-Array-To-Number.csproj", "{141403A1-8673-44F1-94C0-110E3E5457D1}"
EndProject
Global
	GlobalSection(SolutionConfigurationPlatforms) = preSolution
		Debug|Any CPU = Debug|Any CPU
		Release|Any CPU = Release|Any CPU
	EndGlobalSection
	GlobalSection(ProjectConfigurationPlatforms) = postSolution
		{77942351-F20C-44CB-86D2-09CDB5096A64}.Debug|Any CPU.ActiveCfg = Debug|Any CPU
		{77942351-F20C-44CB-86D2-09CDB5096A64}.Debug|Any CPU.Build.0 = Debug|Any CPU
		{77942351-F20C-44CB-86D2-09CDB5096A64}.Release|Any CPU.ActiveCfg = Release|Any CPU
		{77942351-F20C-44CB-86D2-09CDB5096A64}.Release|Any CPU.Build.0 = Release|Any CPU
		{42FB82E8-E0B3-4069-8CB0-8ED1E0BC36B0}.Debug|Any CPU.ActiveCfg = Debug|Any CPU
		{42FB82E8-E0B3-4069-8CB0-8ED1E0BC36B0}.Debug|Any CPU.Build.0 = Debug|Any CPU
		{42FB82E8-E0B3-4069-8CB0-8ED1E0BC36B0}.Release|Any CPU.ActiveCfg = Release|Any CPU
		{42FB82E8-E0B3-4069-8CB0-8ED1E0BC36B0}.Release|Any CPU.Build.0 = Release|Any CPU
		{3D1B8479-1A4E-4A0D-95F5-8F557E663B78}.Debug|Any CPU.ActiveCfg = Debug|Any CPU
		{3D1B8479-1A4E-4A0D-95F5-8F557E663B78}.Debug|Any CPU.Build.0 = Debug|Any CPU
		{3D1B8479-1A4E-4A0D-95F5-8F557E663B78}.Release|Any CPU.ActiveCfg = Release|Any CPU
		{3D1B8479-1A4E-4A0D-95F5-8F557E663B78}.Release|Any CPU.Build.0 = Release|Any CPU
		{2562536C-CBE1-4944-AFFE-EE680494FAEC}.Debug|Any CPU.ActiveCfg = Debug|Any CPU
		{2562536C-CBE1-4944-AFFE-EE680494FAEC}.Debug|Any CPU.Build.0 = Debug|Any CPU
		{2562536C-CBE1-4944-AFFE-EE680494FAEC}.Release|Any CPU.ActiveCfg = Release|Any CPU
		{2562536C-CBE1-4944-AFFE-EE680494FAEC}.Release|Any CPU.Build.0 = Release|Any CPU
		{3487EBC4-9D1D-40CD-B583-46D687255B39}.Debug|Any CPU.ActiveCfg = Debug|Any CPU
		{3487EBC4-9D1D-40CD-B583-46D687255B39}.Debug|Any CPU.Build.0 = Debug|Any CPU
		{3487EBC4-9D1D-40CD-B583-46D687255B39}.Release|Any CPU.ActiveCfg = Release|Any CPU
		{3487EBC4-9D1D-40CD-B583-46D687255B39}.Release|Any CPU.Build.0 = Release|Any CPU
		{DCB6B7AA-CA4D-4D1C-B65A-477CFA60A13C}.Debug|Any CPU.ActiveCfg = Debug|Any CPU
		{DCB6B7AA-CA4D-4D1C-B65A-477CFA60A13C}.Debug|Any CPU.Build.0 = Debug|Any CPU
		{DCB6B7AA-CA4D-4D1C-B65A-477CFA60A13C}.Release|Any CPU.ActiveCfg = Release|Any CPU
		{DCB6B7AA-CA4D-4D1C-B65A-477CFA60A13C}.Release|Any CPU.Build.0 = Release|Any CPU
		{C020972F-7866-47F0-B4FB-E57CCC3708F6}.Debug|Any CPU.ActiveCfg = Debug|Any CPU
		{C020972F-7866-47F0-B4FB-E57CCC3708F6}.Debug|Any CPU.Build.0 = Debug|Any CPU
		{C020972F-7866-47F0-B4FB-E57CCC3708F6}.Release|Any CPU.ActiveCfg = Release|Any CPU
		{C020972F-7866-47F0-B4FB-E57CCC3708F6}.Release|Any CPU.Build.0 = Release|Any CPU
		{141403A1-8673-44F1-94C0-110E3E5457D1}.Debug|Any CPU.ActiveCfg = Debug|Any CPU
		{141403A1-8673-44F1-94C0-110E3E5457D1}.Debug|Any CPU.Build.0 = Debug|Any CPU
		{141403A1-8673-44F1-94C0-110E3E5457D1}.Release|Any CPU.ActiveCfg = Release|Any CPU
		{141403A1-8673-44F1-94C0-110E3E5457D1}.Release|Any CPU.Build.0 = Release|Any CPU
	EndGlobalSection
	GlobalSection(SolutionProperties) = preSolution
		HideSolutionNode = FALSE
	EndGlobalSection
	GlobalSection(ExtensibilityGlobals) = postSolution
		SolutionGuid = {8A82DDD6-150A-4628-AD26-8B5235DF8A68}
	EndGlobalSection
EndGlobal
