
Microsoft Visual Studio Solution File, Format Version 12.00
# Visual Studio 15
VisualStudioVersion = 15.0.28010.2036
MinimumVisualStudioVersion = 10.0.40219.1
Project("{FAE04EC0-301F-11D3-BF4B-00C04F79EFBC}") = "01-Baking-Masterclass", "01-Baking-Masterclass\01-Baking-Masterclass.csproj", "{0DEA9B17-14B0-47C4-944A-F5081F2634CF}"
EndProject
Project("{FAE04EC0-301F-11D3-BF4B-00C04F79EFBC}") = "02-Baking-Rush", "02-Baking-Rush\02-Baking-Rush.csproj", "{23AB7266-7453-4101-B1F9-7A1EBAC68CC4}"
EndProject
Project("{FAE04EC0-301F-11D3-BF4B-00C04F79EFBC}") = "03-Baking-Factory", "03-Baking-Factory\03-Baking-Factory.csproj", "{2DD4ABA3-A44A-4811-97B0-F7021F41643B}"
EndProject
Global
	GlobalSection(SolutionConfigurationPlatforms) = preSolution
		Debug|Any CPU = Debug|Any CPU
		Release|Any CPU = Release|Any CPU
	EndGlobalSection
	GlobalSection(ProjectConfigurationPlatforms) = postSolution
		{0DEA9B17-14B0-47C4-944A-F5081F2634CF}.Debug|Any CPU.ActiveCfg = Debug|Any CPU
		{0DEA9B17-14B0-47C4-944A-F5081F2634CF}.Debug|Any CPU.Build.0 = Debug|Any CPU
		{0DEA9B17-14B0-47C4-944A-F5081F2634CF}.Release|Any CPU.ActiveCfg = Release|Any CPU
		{0DEA9B17-14B0-47C4-944A-F5081F2634CF}.Release|Any CPU.Build.0 = Release|Any CPU
		{23AB7266-7453-4101-B1F9-7A1EBAC68CC4}.Debug|Any CPU.ActiveCfg = Debug|Any CPU
		{23AB7266-7453-4101-B1F9-7A1EBAC68CC4}.Debug|Any CPU.Build.0 = Debug|Any CPU
		{23AB7266-7453-4101-B1F9-7A1EBAC68CC4}.Release|Any CPU.ActiveCfg = Release|Any CPU
		{23AB7266-7453-4101-B1F9-7A1EBAC68CC4}.Release|Any CPU.Build.0 = Release|Any CPU
		{2DD4ABA3-A44A-4811-97B0-F7021F41643B}.Debug|Any CPU.ActiveCfg = Debug|Any CPU
		{2DD4ABA3-A44A-4811-97B0-F7021F41643B}.Debug|Any CPU.Build.0 = Debug|Any CPU
		{2DD4ABA3-A44A-4811-97B0-F7021F41643B}.Release|Any CPU.ActiveCfg = Release|Any CPU
		{2DD4ABA3-A44A-4811-97B0-F7021F41643B}.Release|Any CPU.Build.0 = Release|Any CPU
	EndGlobalSection
	GlobalSection(SolutionProperties) = preSolution
		HideSolutionNode = FALSE
	EndGlobalSection
	GlobalSection(ExtensibilityGlobals) = postSolution
		SolutionGuid = {BEBC1E37-5FAA-498F-AC40-1303B0EC6B50}
	EndGlobalSection
EndGlobal
