
Microsoft Visual Studio Solution File, Format Version 12.00
# Visual Studio 15
VisualStudioVersion = 15.0.28307.136
MinimumVisualStudioVersion = 10.0.40219.1
Project("{FAE04EC0-301F-11D3-BF4B-00C04F79EFBC}") = "01-Dictionary", "01-Dictionary\01-Dictionary.csproj", "{EF0188A4-1DB7-41CC-B923-96CFF21FA3DF}"
EndProject
Project("{FAE04EC0-301F-11D3-BF4B-00C04F79EFBC}") = "02-Deciphering", "02-Deciphering\02-Deciphering.csproj", "{F39BCB6F-4F20-404C-8916-F9FFC188E8E6}"
EndProject
Global
	GlobalSection(SolutionConfigurationPlatforms) = preSolution
		Debug|Any CPU = Debug|Any CPU
		Release|Any CPU = Release|Any CPU
	EndGlobalSection
	GlobalSection(ProjectConfigurationPlatforms) = postSolution
		{EF0188A4-1DB7-41CC-B923-96CFF21FA3DF}.Debug|Any CPU.ActiveCfg = Debug|Any CPU
		{EF0188A4-1DB7-41CC-B923-96CFF21FA3DF}.Debug|Any CPU.Build.0 = Debug|Any CPU
		{EF0188A4-1DB7-41CC-B923-96CFF21FA3DF}.Release|Any CPU.ActiveCfg = Release|Any CPU
		{EF0188A4-1DB7-41CC-B923-96CFF21FA3DF}.Release|Any CPU.Build.0 = Release|Any CPU
		{F39BCB6F-4F20-404C-8916-F9FFC188E8E6}.Debug|Any CPU.ActiveCfg = Debug|Any CPU
		{F39BCB6F-4F20-404C-8916-F9FFC188E8E6}.Debug|Any CPU.Build.0 = Debug|Any CPU
		{F39BCB6F-4F20-404C-8916-F9FFC188E8E6}.Release|Any CPU.ActiveCfg = Release|Any CPU
		{F39BCB6F-4F20-404C-8916-F9FFC188E8E6}.Release|Any CPU.Build.0 = Release|Any CPU
	EndGlobalSection
	GlobalSection(SolutionProperties) = preSolution
		HideSolutionNode = FALSE
	EndGlobalSection
	GlobalSection(ExtensibilityGlobals) = postSolution
		SolutionGuid = {DDF4B664-6BB8-4C53-9E37-893632C8D099}
	EndGlobalSection
EndGlobal
